<?xml version="1.0" encoding="utf-8"?>
<Project ToolsVersion="4.0" xmlns="http://schemas.microsoft.com/developer/msbuild/2003">
  <ItemGroup>
    <ClCompile Include="DeLight.cpp">
      <Filter>源文件</Filter>
    </ClCompile>
    <ClCompile Include="GoodsMngmntDlg.cpp">
      <Filter>源文件</Filter>
    </ClCompile>
    <ClCompile Include="List.cpp">
      <Filter>源文件</Filter>
    </ClCompile>
    <ClCompile Include="pch.cpp">
      <Filter>源文件</Filter>
    </ClCompile>
    <ClCompile Include="PswDlg.cpp">
      <Filter>源文件</Filter>
    </ClCompile>
    <ClCompile Include="QueryDlg.cpp">
      <Filter>源文件</Filter>
    </ClCompile>
    <ClCompile Include="SearchResultDlg.cpp">
      <Filter>源文件</Filter>
    </ClCompile>
    <ClCompile Include="SearchValueDlg.cpp">
      <Filter>源文件</Filter>
    </ClCompile>
    <ClCompile Include="ShelfDetailDlg.cpp">
      <Filter>源文件</Filter>
    </ClCompile>
    <ClCompile Include="ShelfListDlg.cpp">
      <Filter>源文件</Filter>
    </ClCompile>
    <ClCompile Include="SystemDlg.cpp">
      <Filter>源文件</Filter>
    </ClCompile>
    <ClCompile Include="ExcelSettingsDlg.cpp">
      <Filter>源文件</Filter>
    </ClCompile>
  </ItemGroup>
  <ItemGroup>
    <ClInclude Include="DeLight.h">
      <Filter>头文件</Filter>
    </ClInclude>
    <ClInclude Include="framework.h">
      <Filter>头文件</Filter>
    </ClInclude>
    <ClInclude Include="GoodsMngmntDlg.h">
      <Filter>头文件</Filter>
    </ClInclude>
    <ClInclude Include="pch.h">
      <Filter>头文件</Filter>
    </ClInclude>
    <ClInclude Include="PswDlg.h">
      <Filter>头文件</Filter>
    </ClInclude>
    <ClInclude Include="QueryDlg.h">
      <Filter>头文件</Filter>
    </ClInclude>
    <ClInclude Include="Resource.h">
      <Filter>头文件</Filter>
    </ClInclude>
    <ClInclude Include="SearchResultDlg.h">
      <Filter>头文件</Filter>
    </ClInclude>
    <ClInclude Include="SearchValueDlg.h">
      <Filter>头文件</Filter>
    </ClInclude>
    <ClInclude Include="ShelfDetailDlg.h">
      <Filter>头文件</Filter>
    </ClInclude>
    <ClInclude Include="ShelfListDlg.h">
      <Filter>头文件</Filter>
    </ClInclude>
    <ClInclude Include="SystemDlg.h">
      <Filter>头文件</Filter>
    </ClInclude>
    <ClInclude Include="targetver.h">
      <Filter>头文件</Filter>
    </ClInclude>
    <ClInclude Include="List.h">
      <Filter>头文件</Filter>
    </ClInclude>
    <ClInclude Include="ExcelSettingsDlg.h">
      <Filter>头文件</Filter>
    </ClInclude>
  </ItemGroup>
  <ItemGroup>
    <Filter Include="源文件">
      <UniqueIdentifier>{16038d9f-bdcf-4c76-a1ea-f0d61cee49ee}</UniqueIdentifier>
    </Filter>
    <Filter Include="头文件">
      <UniqueIdentifier>{a5d815e8-2804-425d-8d7c-109ebed32450}</UniqueIdentifier>
    </Filter>
    <Filter Include="资源文件">
      <UniqueIdentifier>{e8a61345-378a-4bb7-b1d8-e2dedd7181e1}</UniqueIdentifier>
    </Filter>
  </ItemGroup>
  <ItemGroup>
    <None Include="res\DeLight.rc2">
      <Filter>资源文件</Filter>
    </None>
  </ItemGroup>
  <ItemGroup>
    <ResourceCompile Include="DeLight.rc">
      <Filter>资源文件</Filter>
    </ResourceCompile>
  </ItemGroup>
  <ItemGroup>
    <Image Include="res\DeLight.ico">
      <Filter>资源文件</Filter>
    </Image>
  </ItemGroup>
</Project>